
Microsoft Visual Studio Solution File, Format Version 12.00
# Visual Studio 15
VisualStudioVersion = 15.0.28307.539
MinimumVisualStudioVersion = 10.0.40219.1
Project("{FAE04EC0-301F-11D3-BF4B-00C04F79EFBC}") = "HomeworkAdv04-Bonus", "HomeworkAdv04-Bonus\HomeworkAdv04-Bonus.csproj", "{A522944C-F30C-4F03-B4D9-907D2921ED95}"
EndProject
Global
	GlobalSection(SolutionConfigurationPlatforms) = preSolution
		Debug|Any CPU = Debug|Any CPU
		Release|Any CPU = Release|Any CPU
	EndGlobalSection
	GlobalSection(ProjectConfigurationPlatforms) = postSolution
		{A522944C-F30C-4F03-B4D9-907D2921ED95}.Debug|Any CPU.ActiveCfg = Debug|Any CPU
		{A522944C-F30C-4F03-B4D9-907D2921ED95}.Debug|Any CPU.Build.0 = Debug|Any CPU
		{A522944C-F30C-4F03-B4D9-907D2921ED95}.Release|Any CPU.ActiveCfg = Release|Any CPU
		{A522944C-F30C-4F03-B4D9-907D2921ED95}.Release|Any CPU.Build.0 = Release|Any CPU
	EndGlobalSection
	GlobalSection(SolutionProperties) = preSolution
		HideSolutionNode = FALSE
	EndGlobalSection
	GlobalSection(ExtensibilityGlobals) = postSolution
		SolutionGuid = {50EEC336-38ED-4EB6-B1F2-424A58C9BFCB}
	EndGlobalSection
EndGlobal
